
Microsoft Visual Studio Solution File, Format Version 12.00
# Visual Studio Version 17
VisualStudioVersion = 17.2.32630.192
MinimumVisualStudioVersion = 10.0.40219.1
Project("{FAE04EC0-301F-11D3-BF4B-00C04F79EFBC}") = "CognitiveServices.OCR.Web", "CognitiveServices.OCR.Web\CognitiveServices.OCR.Web.csproj", "{B6D295F0-5290-410A-BCE7-4AA5F9AA9E9D}"
EndProject
Project("{9A19103F-16F7-4668-BE54-9A1E7A4F7556}") = "CognitiveServices.OCR.Service", "CognitiveServices.OCR.Service\CognitiveServices.OCR.Service.csproj", "{0E6D1204-9AEF-4D80-80C6-2D6D2C98E6CC}"
EndProject
Global
	GlobalSection(SolutionConfigurationPlatforms) = preSolution
		Debug|Any CPU = Debug|Any CPU
		Release|Any CPU = Release|Any CPU
	EndGlobalSection
	GlobalSection(ProjectConfigurationPlatforms) = postSolution
		{B6D295F0-5290-410A-BCE7-4AA5F9AA9E9D}.Debug|Any CPU.ActiveCfg = Debug|Any CPU
		{B6D295F0-5290-410A-BCE7-4AA5F9AA9E9D}.Debug|Any CPU.Build.0 = Debug|Any CPU
		{B6D295F0-5290-410A-BCE7-4AA5F9AA9E9D}.Release|Any CPU.ActiveCfg = Release|Any CPU
		{B6D295F0-5290-410A-BCE7-4AA5F9AA9E9D}.Release|Any CPU.Build.0 = Release|Any CPU
		{0E6D1204-9AEF-4D80-80C6-2D6D2C98E6CC}.Debug|Any CPU.ActiveCfg = Debug|Any CPU
		{0E6D1204-9AEF-4D80-80C6-2D6D2C98E6CC}.Debug|Any CPU.Build.0 = Debug|Any CPU
		{0E6D1204-9AEF-4D80-80C6-2D6D2C98E6CC}.Release|Any CPU.ActiveCfg = Release|Any CPU
		{0E6D1204-9AEF-4D80-80C6-2D6D2C98E6CC}.Release|Any CPU.Build.0 = Release|Any CPU
	EndGlobalSection
	GlobalSection(SolutionProperties) = preSolution
		HideSolutionNode = FALSE
	EndGlobalSection
	GlobalSection(ExtensibilityGlobals) = postSolution
		SolutionGuid = {113E0BDD-0265-4514-B2BD-C15491476269}
	EndGlobalSection
EndGlobal
